
Microsoft Visual Studio Solution File, Format Version 12.00
# Visual Studio Version 17
VisualStudioVersion = 17.4.33403.182
MinimumVisualStudioVersion = 10.0.40219.1
Project("{8BC9CEB8-8B4A-11D0-8D11-00A0C91BC942}") = "ConsoleCarGame", "ConsoleCarGame.vcxproj", "{453CA2AB-48E3-40F1-9186-2B47643C27C9}"
EndProject
Global
	GlobalSection(SolutionConfigurationPlatforms) = preSolution
		Debug|x64 = Debug|x64
		Debug|x86 = Debug|x86
		Release|x64 = Release|x64
		Release|x86 = Release|x86
	EndGlobalSection
	GlobalSection(ProjectConfigurationPlatforms) = postSolution
		{453CA2AB-48E3-40F1-9186-2B47643C27C9}.Debug|x64.ActiveCfg = Debug|x64
		{453CA2AB-48E3-40F1-9186-2B47643C27C9}.Debug|x64.Build.0 = Debug|x64
		{453CA2AB-48E3-40F1-9186-2B47643C27C9}.Debug|x86.ActiveCfg = Debug|Win32
		{453CA2AB-48E3-40F1-9186-2B47643C27C9}.Debug|x86.Build.0 = Debug|Win32
		{453CA2AB-48E3-40F1-9186-2B47643C27C9}.Release|x64.ActiveCfg = Release|x64
		{453CA2AB-48E3-40F1-9186-2B47643C27C9}.Release|x64.Build.0 = Release|x64
		{453CA2AB-48E3-40F1-9186-2B47643C27C9}.Release|x86.ActiveCfg = Release|Win32
		{453CA2AB-48E3-40F1-9186-2B47643C27C9}.Release|x86.Build.0 = Release|Win32
	EndGlobalSection
	GlobalSection(SolutionProperties) = preSolution
		HideSolutionNode = FALSE
	EndGlobalSection
	GlobalSection(ExtensibilityGlobals) = postSolution
		SolutionGuid = {9A3234F5-847A-4D7F-8429-26B5585CC181}
	EndGlobalSection
EndGlobal
